// !$*UTF8*$!
{
	archiveVersion = 1;
	classes = {
	};
	objectVersion = 46;
	objects = {

/* Begin PBXBuildFile section */
		2753213216B2E52100BB97F2 /* UIImage+KRAdditions.m in Sources */ = {isa = PBXBuildFile; fileRef = 2753213116B2E52100BB97F2 /* UIImage+KRAdditions.m */; };
		27617CB016A60389001EC21C /* CGGeometry+KRAdditions.m in Sources */ = {isa = PBXBuildFile; fileRef = 27617CAF16A60389001EC21C /* CGGeometry+KRAdditions.m */; };
		279C5B7C16B6D26300239B0C /* libGRMustache6-iOS.a in Frameworks */ = {isa = PBXBuildFile; fileRef = 279C5B7316B6D1FF00239B0C /* libGRMustache6-iOS.a */; };
		27C873C316A066DE00F078D7 /* Foundation.framework in Frameworks */ = {isa = PBXBuildFile; fileRef = 27C873C216A066DE00F078D7 /* Foundation.framework */; };
		27C873C816A066DE00F078D7 /* KRKit.h in CopyFiles */ = {isa = PBXBuildFile; fileRef = 27C873C716A066DE00F078D7 /* KRKit.h */; };
		27C873FF16A0684E00F078D7 /* UIBarButtonItem+KRAdditions.m in Sources */ = {isa = PBXBuildFile; fileRef = 27C873FE16A0684E00F078D7 /* UIBarButtonItem+KRAdditions.m */; };
		27C8740216A068CD00F078D7 /* NSDate+KRAdditions.m in Sources */ = {isa = PBXBuildFile; fileRef = 27C8740116A068CD00F078D7 /* NSDate+KRAdditions.m */; };
		27C8740816A0692A00F078D7 /* NSDictionary+KRAdditions.m in Sources */ = {isa = PBXBuildFile; fileRef = 27C8740716A0692A00F078D7 /* NSDictionary+KRAdditions.m */; };
		27C8740C16A06B1C00F078D7 /* NSFileManager+KRAdditions.m in Sources */ = {isa = PBXBuildFile; fileRef = 27C8740B16A06B1C00F078D7 /* NSFileManager+KRAdditions.m */; };
		27C8741016A06B8B00F078D7 /* NSString+KRAdditions.m in Sources */ = {isa = PBXBuildFile; fileRef = 27C8740F16A06B8B00F078D7 /* NSString+KRAdditions.m */; };
		27C8741416A06C8D00F078D7 /* NSManagedObjectContext+KRAdditions.m in Sources */ = {isa = PBXBuildFile; fileRef = 27C8741316A06C8D00F078D7 /* NSManagedObjectContext+KRAdditions.m */; };
		27C8741816A06CEF00F078D7 /* NSArray+KRAdditions.m in Sources */ = {isa = PBXBuildFile; fileRef = 27C8741716A06CEF00F078D7 /* NSArray+KRAdditions.m */; };
		27C8741C16A06D5800F078D7 /* NSMutableArray+KRAdditions.m in Sources */ = {isa = PBXBuildFile; fileRef = 27C8741B16A06D5800F078D7 /* NSMutableArray+KRAdditions.m */; };
		27C8742016A06DD600F078D7 /* NSUserDefaults+KRAdditions.m in Sources */ = {isa = PBXBuildFile; fileRef = 27C8741F16A06DD600F078D7 /* NSUserDefaults+KRAdditions.m */; };
		27C8742416A06E0200F078D7 /* UIColor+KRAdditions.m in Sources */ = {isa = PBXBuildFile; fileRef = 27C8742316A06E0200F078D7 /* UIColor+KRAdditions.m */; };
		27C8742816A06E7200F078D7 /* UIView+KRAdditions.m in Sources */ = {isa = PBXBuildFile; fileRef = 27C8742716A06E7200F078D7 /* UIView+KRAdditions.m */; };
		27C8742C16A06EA600F078D7 /* NSData+KRAdditions.m in Sources */ = {isa = PBXBuildFile; fileRef = 27C8742B16A06EA600F078D7 /* NSData+KRAdditions.m */; };
		27C8743016A06F1000F078D7 /* UIDevice+KRAdditions.m in Sources */ = {isa = PBXBuildFile; fileRef = 27C8742F16A06F1000F078D7 /* UIDevice+KRAdditions.m */; };
/* End PBXBuildFile section */

/* Begin PBXContainerItemProxy section */
		279C5B6C16B6D1FF00239B0C /* PBXContainerItemProxy */ = {
			isa = PBXContainerItemProxy;
			containerPortal = 279C5B6416B6D1FF00239B0C /* GRMustache.xcodeproj */;
			proxyType = 2;
			remoteGlobalIDString = 56DEC248152631040031E8DC;
			remoteInfo = "GRMustache6-MacOS";
		};
		279C5B6E16B6D1FF00239B0C /* PBXContainerItemProxy */ = {
			isa = PBXContainerItemProxy;
			containerPortal = 279C5B6416B6D1FF00239B0C /* GRMustache.xcodeproj */;
			proxyType = 2;
			remoteGlobalIDString = 56DEC255152631040031E8DC;
			remoteInfo = "GRMustache6-MacOSTests";
		};
		279C5B7016B6D1FF00239B0C /* PBXContainerItemProxy */ = {
			isa = PBXContainerItemProxy;
			containerPortal = 279C5B6416B6D1FF00239B0C /* GRMustache.xcodeproj */;
			proxyType = 2;
			remoteGlobalIDString = ABAF86A516A0A65A001ADE96;
			remoteInfo = "GRMustache6-MacOSTests-GC";
		};
		279C5B7216B6D1FF00239B0C /* PBXContainerItemProxy */ = {
			isa = PBXContainerItemProxy;
			containerPortal = 279C5B6416B6D1FF00239B0C /* GRMustache.xcodeproj */;
			proxyType = 2;
			remoteGlobalIDString = 56DEC26E1526311B0031E8DC;
			remoteInfo = "GRMustache6-iOS";
		};
		279C5B7416B6D1FF00239B0C /* PBXContainerItemProxy */ = {
			isa = PBXContainerItemProxy;
			containerPortal = 279C5B6416B6D1FF00239B0C /* GRMustache.xcodeproj */;
			proxyType = 2;
			remoteGlobalIDString = 56DEC27B1526311C0031E8DC;
			remoteInfo = "GRMustache6-iOSTests";
		};
		279C5B7A16B6D25E00239B0C /* PBXContainerItemProxy */ = {
			isa = PBXContainerItemProxy;
			containerPortal = 279C5B6416B6D1FF00239B0C /* GRMustache.xcodeproj */;
			proxyType = 1;
			remoteGlobalIDString = 56DEC26D1526311B0031E8DC;
			remoteInfo = "GRMustache6-iOS";
		};
/* End PBXContainerItemProxy section */

/* Begin PBXCopyFilesBuildPhase section */
		27C873BD16A066DE00F078D7 /* CopyFiles */ = {
			isa = PBXCopyFilesBuildPhase;
			buildActionMask = 2147483647;
			dstPath = "include/${PRODUCT_NAME}";
			dstSubfolderSpec = 16;
			files = (
				27C873C816A066DE00F078D7 /* KRKit.h in CopyFiles */,
			);
			runOnlyForDeploymentPostprocessing = 0;
		};
/* End PBXCopyFilesBuildPhase section */

/* Begin PBXFileReference section */
		2753213016B2E52100BB97F2 /* UIImage+KRAdditions.h */ = {isa = PBXFileReference; fileEncoding = 4; lastKnownFileType = sourcecode.c.h; path = "UIImage+KRAdditions.h"; sourceTree = "<group>"; };
		2753213116B2E52100BB97F2 /* UIImage+KRAdditions.m */ = {isa = PBXFileReference; fileEncoding = 4; lastKnownFileType = sourcecode.c.objc; path = "UIImage+KRAdditions.m"; sourceTree = "<group>"; };
		27617CAE16A60389001EC21C /* CGGeometry+KRAdditions.h */ = {isa = PBXFileReference; fileEncoding = 4; lastKnownFileType = sourcecode.c.h; path = "CGGeometry+KRAdditions.h"; sourceTree = "<group>"; };
		27617CAF16A60389001EC21C /* CGGeometry+KRAdditions.m */ = {isa = PBXFileReference; fileEncoding = 4; lastKnownFileType = sourcecode.c.objc; path = "CGGeometry+KRAdditions.m"; sourceTree = "<group>"; };
		279C5B6416B6D1FF00239B0C /* GRMustache.xcodeproj */ = {isa = PBXFileReference; lastKnownFileType = "wrapper.pb-project"; name = GRMustache.xcodeproj; path = GRMustache/src/GRMustache.xcodeproj; sourceTree = SOURCE_ROOT; };
		27C873BF16A066DE00F078D7 /* libKRKit.a */ = {isa = PBXFileReference; explicitFileType = archive.ar; includeInIndex = 0; path = libKRKit.a; sourceTree = BUILT_PRODUCTS_DIR; };
		27C873C216A066DE00F078D7 /* Foundation.framework */ = {isa = PBXFileReference; lastKnownFileType = wrapper.framework; name = Foundation.framework; path = System/Library/Frameworks/Foundation.framework; sourceTree = SDKROOT; };
		27C873C616A066DE00F078D7 /* KRKit-Prefix.pch */ = {isa = PBXFileReference; lastKnownFileType = sourcecode.c.h; path = "KRKit-Prefix.pch"; sourceTree = "<group>"; };
		27C873C716A066DE00F078D7 /* KRKit.h */ = {isa = PBXFileReference; lastKnownFileType = sourcecode.c.h; path = KRKit.h; sourceTree = "<group>"; };
		27C873FD16A0684E00F078D7 /* UIBarButtonItem+KRAdditions.h */ = {isa = PBXFileReference; fileEncoding = 4; lastKnownFileType = sourcecode.c.h; path = "UIBarButtonItem+KRAdditions.h"; sourceTree = "<group>"; };
		27C873FE16A0684E00F078D7 /* UIBarButtonItem+KRAdditions.m */ = {isa = PBXFileReference; fileEncoding = 4; lastKnownFileType = sourcecode.c.objc; path = "UIBarButtonItem+KRAdditions.m"; sourceTree = "<group>"; };
		27C8740016A068CD00F078D7 /* NSDate+KRAdditions.h */ = {isa = PBXFileReference; fileEncoding = 4; lastKnownFileType = sourcecode.c.h; path = "NSDate+KRAdditions.h"; sourceTree = "<group>"; };
		27C8740116A068CD00F078D7 /* NSDate+KRAdditions.m */ = {isa = PBXFileReference; fileEncoding = 4; lastKnownFileType = sourcecode.c.objc; path = "NSDate+KRAdditions.m"; sourceTree = "<group>"; };
		27C8740616A0692A00F078D7 /* NSDictionary+KRAdditions.h */ = {isa = PBXFileReference; fileEncoding = 4; lastKnownFileType = sourcecode.c.h; path = "NSDictionary+KRAdditions.h"; sourceTree = "<group>"; };
		27C8740716A0692A00F078D7 /* NSDictionary+KRAdditions.m */ = {isa = PBXFileReference; fileEncoding = 4; lastKnownFileType = sourcecode.c.objc; path = "NSDictionary+KRAdditions.m"; sourceTree = "<group>"; };
		27C8740A16A06B1C00F078D7 /* NSFileManager+KRAdditions.h */ = {isa = PBXFileReference; fileEncoding = 4; lastKnownFileType = sourcecode.c.h; path = "NSFileManager+KRAdditions.h"; sourceTree = "<group>"; };
		27C8740B16A06B1C00F078D7 /* NSFileManager+KRAdditions.m */ = {isa = PBXFileReference; fileEncoding = 4; lastKnownFileType = sourcecode.c.objc; path = "NSFileManager+KRAdditions.m"; sourceTree = "<group>"; };
		27C8740E16A06B8B00F078D7 /* NSString+KRAdditions.h */ = {isa = PBXFileReference; fileEncoding = 4; lastKnownFileType = sourcecode.c.h; path = "NSString+KRAdditions.h"; sourceTree = "<group>"; };
		27C8740F16A06B8B00F078D7 /* NSString+KRAdditions.m */ = {isa = PBXFileReference; fileEncoding = 4; lastKnownFileType = sourcecode.c.objc; path = "NSString+KRAdditions.m"; sourceTree = "<group>"; };
		27C8741216A06C8D00F078D7 /* NSManagedObjectContext+KRAdditions.h */ = {isa = PBXFileReference; fileEncoding = 4; lastKnownFileType = sourcecode.c.h; path = "NSManagedObjectContext+KRAdditions.h"; sourceTree = "<group>"; };
		27C8741316A06C8D00F078D7 /* NSManagedObjectContext+KRAdditions.m */ = {isa = PBXFileReference; fileEncoding = 4; lastKnownFileType = sourcecode.c.objc; path = "NSManagedObjectContext+KRAdditions.m"; sourceTree = "<group>"; };
		27C8741616A06CEF00F078D7 /* NSArray+KRAdditions.h */ = {isa = PBXFileReference; fileEncoding = 4; lastKnownFileType = sourcecode.c.h; path = "NSArray+KRAdditions.h"; sourceTree = "<group>"; };
		27C8741716A06CEF00F078D7 /* NSArray+KRAdditions.m */ = {isa = PBXFileReference; fileEncoding = 4; lastKnownFileType = sourcecode.c.objc; path = "NSArray+KRAdditions.m"; sourceTree = "<group>"; };
		27C8741A16A06D5800F078D7 /* NSMutableArray+KRAdditions.h */ = {isa = PBXFileReference; fileEncoding = 4; lastKnownFileType = sourcecode.c.h; path = "NSMutableArray+KRAdditions.h"; sourceTree = "<group>"; };
		27C8741B16A06D5800F078D7 /* NSMutableArray+KRAdditions.m */ = {isa = PBXFileReference; fileEncoding = 4; lastKnownFileType = sourcecode.c.objc; path = "NSMutableArray+KRAdditions.m"; sourceTree = "<group>"; };
		27C8741E16A06DD600F078D7 /* NSUserDefaults+KRAdditions.h */ = {isa = PBXFileReference; fileEncoding = 4; lastKnownFileType = sourcecode.c.h; path = "NSUserDefaults+KRAdditions.h"; sourceTree = "<group>"; };
		27C8741F16A06DD600F078D7 /* NSUserDefaults+KRAdditions.m */ = {isa = PBXFileReference; fileEncoding = 4; lastKnownFileType = sourcecode.c.objc; path = "NSUserDefaults+KRAdditions.m"; sourceTree = "<group>"; };
		27C8742216A06E0200F078D7 /* UIColor+KRAdditions.h */ = {isa = PBXFileReference; fileEncoding = 4; lastKnownFileType = sourcecode.c.h; path = "UIColor+KRAdditions.h"; sourceTree = "<group>"; };
		27C8742316A06E0200F078D7 /* UIColor+KRAdditions.m */ = {isa = PBXFileReference; fileEncoding = 4; lastKnownFileType = sourcecode.c.objc; path = "UIColor+KRAdditions.m"; sourceTree = "<group>"; };
		27C8742616A06E7200F078D7 /* UIView+KRAdditions.h */ = {isa = PBXFileReference; fileEncoding = 4; lastKnownFileType = sourcecode.c.h; path = "UIView+KRAdditions.h"; sourceTree = "<group>"; };
		27C8742716A06E7200F078D7 /* UIView+KRAdditions.m */ = {isa = PBXFileReference; fileEncoding = 4; lastKnownFileType = sourcecode.c.objc; path = "UIView+KRAdditions.m"; sourceTree = "<group>"; };
		27C8742A16A06EA600F078D7 /* NSData+KRAdditions.h */ = {isa = PBXFileReference; fileEncoding = 4; lastKnownFileType = sourcecode.c.h; path = "NSData+KRAdditions.h"; sourceTree = "<group>"; };
		27C8742B16A06EA600F078D7 /* NSData+KRAdditions.m */ = {isa = PBXFileReference; fileEncoding = 4; lastKnownFileType = sourcecode.c.objc; path = "NSData+KRAdditions.m"; sourceTree = "<group>"; };
		27C8742E16A06F1000F078D7 /* UIDevice+KRAdditions.h */ = {isa = PBXFileReference; fileEncoding = 4; lastKnownFileType = sourcecode.c.h; path = "UIDevice+KRAdditions.h"; sourceTree = "<group>"; };
		27C8742F16A06F1000F078D7 /* UIDevice+KRAdditions.m */ = {isa = PBXFileReference; fileEncoding = 4; lastKnownFileType = sourcecode.c.objc; path = "UIDevice+KRAdditions.m"; sourceTree = "<group>"; };
/* End PBXFileReference section */

/* Begin PBXFrameworksBuildPhase section */
		27C873BC16A066DE00F078D7 /* Frameworks */ = {
			isa = PBXFrameworksBuildPhase;
			buildActionMask = 2147483647;
			files = (
				279C5B7C16B6D26300239B0C /* libGRMustache6-iOS.a in Frameworks */,
				27C873C316A066DE00F078D7 /* Foundation.framework in Frameworks */,
			);
			runOnlyForDeploymentPostprocessing = 0;
		};
/* End PBXFrameworksBuildPhase section */

/* Begin PBXGroup section */
		2744742F16A5FC3000FB2CFF /* Other Sources */ = {
			isa = PBXGroup;
			children = (
				27C873C716A066DE00F078D7 /* KRKit.h */,
			);
			name = "Other Sources";
			sourceTree = "<group>";
		};
		2753212F16B2E51500BB97F2 /* UIImage */ = {
			isa = PBXGroup;
			children = (
				2753213016B2E52100BB97F2 /* UIImage+KRAdditions.h */,
				2753213116B2E52100BB97F2 /* UIImage+KRAdditions.m */,
			);
			name = UIImage;
			sourceTree = "<group>";
		};
		27617CAD16A60340001EC21C /* CGGeometry */ = {
			isa = PBXGroup;
			children = (
				27617CAE16A60389001EC21C /* CGGeometry+KRAdditions.h */,
				27617CAF16A60389001EC21C /* CGGeometry+KRAdditions.m */,
			);
			name = CGGeometry;
			sourceTree = "<group>";
		};
		279C5B6316B6D1DA00239B0C /* Externals */ = {
			isa = PBXGroup;
			children = (
				279C5B6416B6D1FF00239B0C /* GRMustache.xcodeproj */,
			);
			name = Externals;
			sourceTree = "<group>";
		};
		279C5B6516B6D1FF00239B0C /* Products */ = {
			isa = PBXGroup;
			children = (
				279C5B6D16B6D1FF00239B0C /* libGRMustache6-MacOS.a */,
				279C5B6F16B6D1FF00239B0C /* GRMustache6-MacOSTests.octest */,
				279C5B7116B6D1FF00239B0C /* GRMustache6-MacOSTests-GC.octest */,
				279C5B7316B6D1FF00239B0C /* libGRMustache6-iOS.a */,
				279C5B7516B6D1FF00239B0C /* GRMustache6-iOSTests.octest */,
			);
			name = Products;
			sourceTree = "<group>";
		};
		27C873B616A066DE00F078D7 = {
			isa = PBXGroup;
			children = (
				27C873C416A066DE00F078D7 /* KRKit */,
				27C873C116A066DE00F078D7 /* Frameworks */,
				27C873C016A066DE00F078D7 /* Products */,
			);
			sourceTree = "<group>";
		};
		27C873C016A066DE00F078D7 /* Products */ = {
			isa = PBXGroup;
			children = (
				27C873BF16A066DE00F078D7 /* libKRKit.a */,
			);
			name = Products;
			sourceTree = "<group>";
		};
		27C873C116A066DE00F078D7 /* Frameworks */ = {
			isa = PBXGroup;
			children = (
				27C873C216A066DE00F078D7 /* Foundation.framework */,
			);
			name = Frameworks;
			sourceTree = "<group>";
		};
		27C873C416A066DE00F078D7 /* KRKit */ = {
			isa = PBXGroup;
			children = (
				279C5B6316B6D1DA00239B0C /* Externals */,
				2744742F16A5FC3000FB2CFF /* Other Sources */,
				27C873D016A067D800F078D7 /* Categories */,
				27C873C516A066DE00F078D7 /* Supporting Files */,
			);
			path = KRKit;
			sourceTree = "<group>";
		};
		27C873C516A066DE00F078D7 /* Supporting Files */ = {
			isa = PBXGroup;
			children = (
				27C873C616A066DE00F078D7 /* KRKit-Prefix.pch */,
			);
			name = "Supporting Files";
			sourceTree = "<group>";
		};
		27C873D016A067D800F078D7 /* Categories */ = {
			isa = PBXGroup;
			children = (
				2753212F16B2E51500BB97F2 /* UIImage */,
				27617CAD16A60340001EC21C /* CGGeometry */,
				27C8741516A06CE100F078D7 /* NSArray */,
				27C8742916A06E9A00F078D7 /* NSData */,
				27C8740416A068FF00F078D7 /* NSDate */,
				27C8740516A0691400F078D7 /* NSDictionary */,
				27C8740916A06B0800F078D7 /* NSFileManager */,
				27C8741116A06C7500F078D7 /* NSManagedObjectContext */,
				27C8741916A06D3F00F078D7 /* NSMutableArray */,
				27C8740D16A06B3F00F078D7 /* NSString */,
				27C8741D16A06DC700F078D7 /* NSUserDefaults */,
				27C8740316A068F700F078D7 /* UIBarButtonItem */,
				27C8742116A06DF500F078D7 /* UIColor */,
				27C8742D16A06ED800F078D7 /* UIDevice */,
				27C8742516A06E6400F078D7 /* UIView */,
			);
			name = Categories;
			sourceTree = "<group>";
		};
		27C8740316A068F700F078D7 /* UIBarButtonItem */ = {
			isa = PBXGroup;
			children = (
				27C873FD16A0684E00F078D7 /* UIBarButtonItem+KRAdditions.h */,
				27C873FE16A0684E00F078D7 /* UIBarButtonItem+KRAdditions.m */,
			);
			name = UIBarButtonItem;
			sourceTree = "<group>";
		};
		27C8740416A068FF00F078D7 /* NSDate */ = {
			isa = PBXGroup;
			children = (
				27C8740016A068CD00F078D7 /* NSDate+KRAdditions.h */,
				27C8740116A068CD00F078D7 /* NSDate+KRAdditions.m */,
			);
			name = NSDate;
			sourceTree = "<group>";
		};
		27C8740516A0691400F078D7 /* NSDictionary */ = {
			isa = PBXGroup;
			children = (
				27C8740616A0692A00F078D7 /* NSDictionary+KRAdditions.h */,
				27C8740716A0692A00F078D7 /* NSDictionary+KRAdditions.m */,
			);
			name = NSDictionary;
			sourceTree = "<group>";
		};
		27C8740916A06B0800F078D7 /* NSFileManager */ = {
			isa = PBXGroup;
			children = (
				27C8740A16A06B1C00F078D7 /* NSFileManager+KRAdditions.h */,
				27C8740B16A06B1C00F078D7 /* NSFileManager+KRAdditions.m */,
			);
			name = NSFileManager;
			sourceTree = "<group>";
		};
		27C8740D16A06B3F00F078D7 /* NSString */ = {
			isa = PBXGroup;
			children = (
				27C8740E16A06B8B00F078D7 /* NSString+KRAdditions.h */,
				27C8740F16A06B8B00F078D7 /* NSString+KRAdditions.m */,
			);
			name = NSString;
			sourceTree = "<group>";
		};
		27C8741116A06C7500F078D7 /* NSManagedObjectContext */ = {
			isa = PBXGroup;
			children = (
				27C8741216A06C8D00F078D7 /* NSManagedObjectContext+KRAdditions.h */,
				27C8741316A06C8D00F078D7 /* NSManagedObjectContext+KRAdditions.m */,
			);
			name = NSManagedObjectContext;
			sourceTree = "<group>";
		};
		27C8741516A06CE100F078D7 /* NSArray */ = {
			isa = PBXGroup;
			children = (
				27C8741616A06CEF00F078D7 /* NSArray+KRAdditions.h */,
				27C8741716A06CEF00F078D7 /* NSArray+KRAdditions.m */,
			);
			name = NSArray;
			sourceTree = "<group>";
		};
		27C8741916A06D3F00F078D7 /* NSMutableArray */ = {
			isa = PBXGroup;
			children = (
				27C8741A16A06D5800F078D7 /* NSMutableArray+KRAdditions.h */,
				27C8741B16A06D5800F078D7 /* NSMutableArray+KRAdditions.m */,
			);
			name = NSMutableArray;
			sourceTree = "<group>";
		};
		27C8741D16A06DC700F078D7 /* NSUserDefaults */ = {
			isa = PBXGroup;
			children = (
				27C8741E16A06DD600F078D7 /* NSUserDefaults+KRAdditions.h */,
				27C8741F16A06DD600F078D7 /* NSUserDefaults+KRAdditions.m */,
			);
			name = NSUserDefaults;
			sourceTree = "<group>";
		};
		27C8742116A06DF500F078D7 /* UIColor */ = {
			isa = PBXGroup;
			children = (
				27C8742216A06E0200F078D7 /* UIColor+KRAdditions.h */,
				27C8742316A06E0200F078D7 /* UIColor+KRAdditions.m */,
			);
			name = UIColor;
			sourceTree = "<group>";
		};
		27C8742516A06E6400F078D7 /* UIView */ = {
			isa = PBXGroup;
			children = (
				27C8742616A06E7200F078D7 /* UIView+KRAdditions.h */,
				27C8742716A06E7200F078D7 /* UIView+KRAdditions.m */,
			);
			name = UIView;
			sourceTree = "<group>";
		};
		27C8742916A06E9A00F078D7 /* NSData */ = {
			isa = PBXGroup;
			children = (
				27C8742A16A06EA600F078D7 /* NSData+KRAdditions.h */,
				27C8742B16A06EA600F078D7 /* NSData+KRAdditions.m */,
			);
			name = NSData;
			sourceTree = "<group>";
		};
		27C8742D16A06ED800F078D7 /* UIDevice */ = {
			isa = PBXGroup;
			children = (
				27C8742E16A06F1000F078D7 /* UIDevice+KRAdditions.h */,
				27C8742F16A06F1000F078D7 /* UIDevice+KRAdditions.m */,
			);
			name = UIDevice;
			sourceTree = "<group>";
		};
/* End PBXGroup section */

/* Begin PBXNativeTarget section */
		27C873BE16A066DE00F078D7 /* KRKit */ = {
			isa = PBXNativeTarget;
			buildConfigurationList = 27C873CD16A066DE00F078D7 /* Build configuration list for PBXNativeTarget "KRKit" */;
			buildPhases = (
				27C873BB16A066DE00F078D7 /* Sources */,
				27C873BC16A066DE00F078D7 /* Frameworks */,
				27C873BD16A066DE00F078D7 /* CopyFiles */,
			);
			buildRules = (
			);
			dependencies = (
				279C5B7B16B6D25E00239B0C /* PBXTargetDependency */,
			);
			name = KRKit;
			productName = KRKit;
			productReference = 27C873BF16A066DE00F078D7 /* libKRKit.a */;
			productType = "com.apple.product-type.library.static";
		};
/* End PBXNativeTarget section */

/* Begin PBXProject section */
		27C873B716A066DE00F078D7 /* Project object */ = {
			isa = PBXProject;
			attributes = {
				LastUpgradeCheck = 0460;
				ORGANIZATIONNAME = "Robson Software Consulting";
			};
			buildConfigurationList = 27C873BA16A066DE00F078D7 /* Build configuration list for PBXProject "KRKit" */;
			compatibilityVersion = "Xcode 3.2";
			developmentRegion = English;
			hasScannedForEncodings = 0;
			knownRegions = (
				en,
			);
			mainGroup = 27C873B616A066DE00F078D7;
			productRefGroup = 27C873C016A066DE00F078D7 /* Products */;
			projectDirPath = "";
			projectReferences = (
				{
					ProductGroup = 279C5B6516B6D1FF00239B0C /* Products */;
					ProjectRef = 279C5B6416B6D1FF00239B0C /* GRMustache.xcodeproj */;
				},
			);
			projectRoot = "";
			targets = (
				27C873BE16A066DE00F078D7 /* KRKit */,
			);
		};
/* End PBXProject section */

/* Begin PBXReferenceProxy section */
		279C5B6D16B6D1FF00239B0C /* libGRMustache6-MacOS.a */ = {
			isa = PBXReferenceProxy;
			fileType = archive.ar;
			path = "libGRMustache6-MacOS.a";
			remoteRef = 279C5B6C16B6D1FF00239B0C /* PBXContainerItemProxy */;
			sourceTree = BUILT_PRODUCTS_DIR;
		};
		279C5B6F16B6D1FF00239B0C /* GRMustache6-MacOSTests.octest */ = {
			isa = PBXReferenceProxy;
			fileType = wrapper.cfbundle;
			path = "GRMustache6-MacOSTests.octest";
			remoteRef = 279C5B6E16B6D1FF00239B0C /* PBXContainerItemProxy */;
			sourceTree = BUILT_PRODUCTS_DIR;
		};
		279C5B7116B6D1FF00239B0C /* GRMustache6-MacOSTests-GC.octest */ = {
			isa = PBXReferenceProxy;
			fileType = wrapper.cfbundle;
			path = "GRMustache6-MacOSTests-GC.octest";
			remoteRef = 279C5B7016B6D1FF00239B0C /* PBXContainerItemProxy */;
			sourceTree = BUILT_PRODUCTS_DIR;
		};
		279C5B7316B6D1FF00239B0C /* libGRMustache6-iOS.a */ = {
			isa = PBXReferenceProxy;
			fileType = archive.ar;
			path = "libGRMustache6-iOS.a";
			remoteRef = 279C5B7216B6D1FF00239B0C /* PBXContainerItemProxy */;
			sourceTree = BUILT_PRODUCTS_DIR;
		};
		279C5B7516B6D1FF00239B0C /* GRMustache6-iOSTests.octest */ = {
			isa = PBXReferenceProxy;
			fileType = wrapper.cfbundle;
			path = "GRMustache6-iOSTests.octest";
			remoteRef = 279C5B7416B6D1FF00239B0C /* PBXContainerItemProxy */;
			sourceTree = BUILT_PRODUCTS_DIR;
		};
/* End PBXReferenceProxy section */

/* Begin PBXSourcesBuildPhase section */
		27C873BB16A066DE00F078D7 /* Sources */ = {
			isa = PBXSourcesBuildPhase;
			buildActionMask = 2147483647;
			files = (
				27C873FF16A0684E00F078D7 /* UIBarButtonItem+KRAdditions.m in Sources */,
				27C8740216A068CD00F078D7 /* NSDate+KRAdditions.m in Sources */,
				27C8740816A0692A00F078D7 /* NSDictionary+KRAdditions.m in Sources */,
				27C8740C16A06B1C00F078D7 /* NSFileManager+KRAdditions.m in Sources */,
				27C8741016A06B8B00F078D7 /* NSString+KRAdditions.m in Sources */,
				27C8741416A06C8D00F078D7 /* NSManagedObjectContext+KRAdditions.m in Sources */,
				27C8741816A06CEF00F078D7 /* NSArray+KRAdditions.m in Sources */,
				27C8741C16A06D5800F078D7 /* NSMutableArray+KRAdditions.m in Sources */,
				27C8742016A06DD600F078D7 /* NSUserDefaults+KRAdditions.m in Sources */,
				27C8742416A06E0200F078D7 /* UIColor+KRAdditions.m in Sources */,
				27C8742816A06E7200F078D7 /* UIView+KRAdditions.m in Sources */,
				27C8742C16A06EA600F078D7 /* NSData+KRAdditions.m in Sources */,
				27C8743016A06F1000F078D7 /* UIDevice+KRAdditions.m in Sources */,
				27617CB016A60389001EC21C /* CGGeometry+KRAdditions.m in Sources */,
				2753213216B2E52100BB97F2 /* UIImage+KRAdditions.m in Sources */,
			);
			runOnlyForDeploymentPostprocessing = 0;
		};
/* End PBXSourcesBuildPhase section */

/* Begin PBXTargetDependency section */
		279C5B7B16B6D25E00239B0C /* PBXTargetDependency */ = {
			isa = PBXTargetDependency;
			name = "GRMustache6-iOS";
			targetProxy = 279C5B7A16B6D25E00239B0C /* PBXContainerItemProxy */;
		};
/* End PBXTargetDependency section */

/* Begin XCBuildConfiguration section */
		27C873CB16A066DE00F078D7 /* Debug */ = {
			isa = XCBuildConfiguration;
			buildSettings = {
				ALWAYS_SEARCH_USER_PATHS = NO;
				CLANG_CXX_LANGUAGE_STANDARD = "gnu++0x";
				CLANG_CXX_LIBRARY = "libc++";
				CLANG_ENABLE_OBJC_ARC = YES;
				CLANG_WARN_CONSTANT_CONVERSION = YES;
				CLANG_WARN_DEPRECATED_OBJC_IMPLEMENTATIONS = YES;
				CLANG_WARN_EMPTY_BODY = YES;
				CLANG_WARN_ENUM_CONVERSION = YES;
				CLANG_WARN_INT_CONVERSION = YES;
				CLANG_WARN_OBJC_IMPLICIT_ATOMIC_PROPERTIES = YES;
				CLANG_WARN_SUSPICIOUS_IMPLICIT_CONVERSION = YES;
				CLANG_WARN__DUPLICATE_METHOD_MATCH = YES;
				COPY_PHASE_STRIP = NO;
				GCC_C_LANGUAGE_STANDARD = gnu99;
				GCC_DYNAMIC_NO_PIC = NO;
				GCC_OPTIMIZATION_LEVEL = 0;
				GCC_PREPROCESSOR_DEFINITIONS = (
					"DEBUG=1",
					"$(inherited)",
				);
				GCC_SYMBOLS_PRIVATE_EXTERN = NO;
				GCC_TREAT_IMPLICIT_FUNCTION_DECLARATIONS_AS_ERRORS = YES;
				GCC_TREAT_INCOMPATIBLE_POINTER_TYPE_WARNINGS_AS_ERRORS = YES;
				GCC_TREAT_WARNINGS_AS_ERRORS = YES;
				GCC_WARN_64_TO_32_BIT_CONVERSION = YES;
				GCC_WARN_ABOUT_MISSING_FIELD_INITIALIZERS = YES;
				GCC_WARN_ABOUT_RETURN_TYPE = YES;
				GCC_WARN_INITIALIZER_NOT_FULLY_BRACKETED = YES;
				GCC_WARN_SHADOW = YES;
				GCC_WARN_SIGN_COMPARE = YES;
				GCC_WARN_STRICT_SELECTOR_MATCH = YES;
				GCC_WARN_UNDECLARED_SELECTOR = YES;
				GCC_WARN_UNINITIALIZED_AUTOS = YES;
				GCC_WARN_UNKNOWN_PRAGMAS = YES;
				GCC_WARN_UNUSED_FUNCTION = YES;
				GCC_WARN_UNUSED_PARAMETER = NO;
				GCC_WARN_UNUSED_VARIABLE = YES;
				IPHONEOS_DEPLOYMENT_TARGET = 5.0;
				ONLY_ACTIVE_ARCH = YES;
				SDKROOT = iphoneos;
			};
			name = Debug;
		};
		27C873CC16A066DE00F078D7 /* Release */ = {
			isa = XCBuildConfiguration;
			buildSettings = {
				ALWAYS_SEARCH_USER_PATHS = NO;
				CLANG_CXX_LANGUAGE_STANDARD = "gnu++0x";
				CLANG_CXX_LIBRARY = "libc++";
				CLANG_ENABLE_OBJC_ARC = YES;
				CLANG_WARN_CONSTANT_CONVERSION = YES;
				CLANG_WARN_DEPRECATED_OBJC_IMPLEMENTATIONS = YES;
				CLANG_WARN_EMPTY_BODY = YES;
				CLANG_WARN_ENUM_CONVERSION = YES;
				CLANG_WARN_INT_CONVERSION = YES;
				CLANG_WARN_OBJC_IMPLICIT_ATOMIC_PROPERTIES = YES;
				CLANG_WARN_SUSPICIOUS_IMPLICIT_CONVERSION = YES;
				CLANG_WARN__DUPLICATE_METHOD_MATCH = YES;
				COPY_PHASE_STRIP = YES;
				GCC_C_LANGUAGE_STANDARD = gnu99;
				GCC_TREAT_IMPLICIT_FUNCTION_DECLARATIONS_AS_ERRORS = YES;
				GCC_TREAT_INCOMPATIBLE_POINTER_TYPE_WARNINGS_AS_ERRORS = YES;
				GCC_TREAT_WARNINGS_AS_ERRORS = YES;
				GCC_WARN_64_TO_32_BIT_CONVERSION = YES;
				GCC_WARN_ABOUT_MISSING_FIELD_INITIALIZERS = YES;
				GCC_WARN_ABOUT_RETURN_TYPE = YES;
				GCC_WARN_INITIALIZER_NOT_FULLY_BRACKETED = YES;
				GCC_WARN_SHADOW = YES;
				GCC_WARN_SIGN_COMPARE = YES;
				GCC_WARN_STRICT_SELECTOR_MATCH = YES;
				GCC_WARN_UNDECLARED_SELECTOR = YES;
				GCC_WARN_UNINITIALIZED_AUTOS = YES;
				GCC_WARN_UNKNOWN_PRAGMAS = YES;
				GCC_WARN_UNUSED_FUNCTION = YES;
				GCC_WARN_UNUSED_PARAMETER = NO;
				GCC_WARN_UNUSED_VARIABLE = YES;
				IPHONEOS_DEPLOYMENT_TARGET = 5.0;
				SDKROOT = iphoneos;
				VALIDATE_PRODUCT = YES;
			};
			name = Release;
		};
		27C873CE16A066DE00F078D7 /* Debug */ = {
			isa = XCBuildConfiguration;
			buildSettings = {
				DSTROOT = /tmp/KRKit.dst;
				GCC_PRECOMPILE_PREFIX_HEADER = YES;
				GCC_PREFIX_HEADER = "KRKit/KRKit-Prefix.pch";
				HEADER_SEARCH_PATHS = "$SRCROOT/GRMustache/**";
				OTHER_LDFLAGS = "-ObjC";
				PRODUCT_NAME = "$(TARGET_NAME)";
				SKIP_INSTALL = YES;
			};
			name = Debug;
		};
		27C873CF16A066DE00F078D7 /* Release */ = {
			isa = XCBuildConfiguration;
			buildSettings = {
				DSTROOT = /tmp/KRKit.dst;
				GCC_PRECOMPILE_PREFIX_HEADER = YES;
				GCC_PREFIX_HEADER = "KRKit/KRKit-Prefix.pch";
				HEADER_SEARCH_PATHS = "$SRCROOT/GRMustache/**";
				OTHER_LDFLAGS = "-ObjC";
				PRODUCT_NAME = "$(TARGET_NAME)";
				SKIP_INSTALL = YES;
			};
			name = Release;
		};
/* End XCBuildConfiguration section */

/* Begin XCConfigurationList section */
		27C873BA16A066DE00F078D7 /* Build configuration list for PBXProject "KRKit" */ = {
			isa = XCConfigurationList;
			buildConfigurations = (
				27C873CB16A066DE00F078D7 /* Debug */,
				27C873CC16A066DE00F078D7 /* Release */,
			);
			defaultConfigurationIsVisible = 0;
			defaultConfigurationName = Release;
		};
		27C873CD16A066DE00F078D7 /* Build configuration list for PBXNativeTarget "KRKit" */ = {
			isa = XCConfigurationList;
			buildConfigurations = (
				27C873CE16A066DE00F078D7 /* Debug */,
				27C873CF16A066DE00F078D7 /* Release */,
			);
			defaultConfigurationIsVisible = 0;
			defaultConfigurationName = Release;
		};
/* End XCConfigurationList section */
	};
	rootObject = 27C873B716A066DE00F078D7 /* Project object */;
}
